
Microsoft Visual Studio Solution File, Format Version 12.00
# Visual Studio 14
VisualStudioVersion = 14.0.25420.1
MinimumVisualStudioVersion = 10.0.40219.1
Project("{FAE04EC0-301F-11D3-BF4B-00C04F79EFBC}") = "Jeopardy_Game", "Jeopardy_Game\Jeopardy_Game.csproj", "{C669AE19-9947-41C1-8DE5-594294BADF04}"
EndProject
Project("{FAE04EC0-301F-11D3-BF4B-00C04F79EFBC}") = "Database_Connection", "DatabaseConnection\Database_Connection.csproj", "{E92E0CC5-1F86-44B9-B307-46435A411513}"
EndProject
Global
	GlobalSection(SolutionConfigurationPlatforms) = preSolution
		Debug|Any CPU = Debug|Any CPU
		Release|Any CPU = Release|Any CPU
	EndGlobalSection
	GlobalSection(ProjectConfigurationPlatforms) = postSolution
		{C669AE19-9947-41C1-8DE5-594294BADF04}.Debug|Any CPU.ActiveCfg = Debug|Any CPU
		{C669AE19-9947-41C1-8DE5-594294BADF04}.Debug|Any CPU.Build.0 = Debug|Any CPU
		{C669AE19-9947-41C1-8DE5-594294BADF04}.Release|Any CPU.ActiveCfg = Release|Any CPU
		{C669AE19-9947-41C1-8DE5-594294BADF04}.Release|Any CPU.Build.0 = Release|Any CPU
		{E92E0CC5-1F86-44B9-B307-46435A411513}.Debug|Any CPU.ActiveCfg = Debug|Any CPU
		{E92E0CC5-1F86-44B9-B307-46435A411513}.Debug|Any CPU.Build.0 = Debug|Any CPU
		{E92E0CC5-1F86-44B9-B307-46435A411513}.Release|Any CPU.ActiveCfg = Release|Any CPU
		{E92E0CC5-1F86-44B9-B307-46435A411513}.Release|Any CPU.Build.0 = Release|Any CPU
	EndGlobalSection
	GlobalSection(SolutionProperties) = preSolution
		HideSolutionNode = FALSE
	EndGlobalSection
EndGlobal
